// !$*UTF8*$!
{
	archiveVersion = 1;
	classes = {
	};
	objectVersion = 46;
	objects = {

/* Begin PBXBuildFile section */
		3FAD935A1A1C062700560974 /* Foundation.framework in Frameworks */ = {isa = PBXBuildFile; fileRef = 3FAD93591A1C062700560974 /* Foundation.framework */; };
		3FAD935C1A1C062700560974 /* CoreGraphics.framework in Frameworks */ = {isa = PBXBuildFile; fileRef = 3FAD935B1A1C062700560974 /* CoreGraphics.framework */; };
		3FAD935E1A1C062700560974 /* UIKit.framework in Frameworks */ = {isa = PBXBuildFile; fileRef = 3FAD935D1A1C062700560974 /* UIKit.framework */; };
		3FAD93641A1C062700560974 /* InfoPlist.strings in Resources */ = {isa = PBXBuildFile; fileRef = 3FAD93621A1C062700560974 /* InfoPlist.strings */; };
		3FAD93661A1C062700560974 /* main.m in Sources */ = {isa = PBXBuildFile; fileRef = 3FAD93651A1C062700560974 /* main.m */; };
		3FAD936A1A1C062700560974 /* AppDelegate.m in Sources */ = {isa = PBXBuildFile; fileRef = 3FAD93691A1C062700560974 /* AppDelegate.m */; };
		3FAD936D1A1C062700560974 /* Main.storyboard in Resources */ = {isa = PBXBuildFile; fileRef = 3FAD936B1A1C062700560974 /* Main.storyboard */; };
		3FAD93701A1C062700560974 /* FirstViewController.m in Sources */ = {isa = PBXBuildFile; fileRef = 3FAD936F1A1C062700560974 /* FirstViewController.m */; };
		3FAD93731A1C062700560974 /* SecondViewController.m in Sources */ = {isa = PBXBuildFile; fileRef = 3FAD93721A1C062700560974 /* SecondViewController.m */; };
		3FAD93751A1C062700560974 /* Images.xcassets in Resources */ = {isa = PBXBuildFile; fileRef = 3FAD93741A1C062700560974 /* Images.xcassets */; };
		3FAD937C1A1C062700560974 /* XCTest.framework in Frameworks */ = {isa = PBXBuildFile; fileRef = 3FAD937B1A1C062700560974 /* XCTest.framework */; };
		3FAD937D1A1C062700560974 /* Foundation.framework in Frameworks */ = {isa = PBXBuildFile; fileRef = 3FAD93591A1C062700560974 /* Foundation.framework */; };
		3FAD937E1A1C062700560974 /* UIKit.framework in Frameworks */ = {isa = PBXBuildFile; fileRef = 3FAD935D1A1C062700560974 /* UIKit.framework */; };
		3FAD93861A1C062700560974 /* InfoPlist.strings in Resources */ = {isa = PBXBuildFile; fileRef = 3FAD93841A1C062700560974 /* InfoPlist.strings */; };
		3FAD93881A1C062700560974 /* FoodFlitTests.m in Sources */ = {isa = PBXBuildFile; fileRef = 3FAD93871A1C062700560974 /* FoodFlitTests.m */; };
/* End PBXBuildFile section */

/* Begin PBXContainerItemProxy section */
		3FAD937F1A1C062700560974 /* PBXContainerItemProxy */ = {
			isa = PBXContainerItemProxy;
			containerPortal = 3FAD934E1A1C062700560974 /* Project object */;
			proxyType = 1;
			remoteGlobalIDString = 3FAD93551A1C062700560974;
			remoteInfo = FoodFlit;
		};
/* End PBXContainerItemProxy section */

/* Begin PBXFileReference section */
		3FAD93561A1C062700560974 /* FoodFlit.app */ = {isa = PBXFileReference; explicitFileType = wrapper.application; includeInIndex = 0; path = FoodFlit.app; sourceTree = BUILT_PRODUCTS_DIR; };
		3FAD93591A1C062700560974 /* Foundation.framework */ = {isa = PBXFileReference; lastKnownFileType = wrapper.framework; name = Foundation.framework; path = System/Library/Frameworks/Foundation.framework; sourceTree = SDKROOT; };
		3FAD935B1A1C062700560974 /* CoreGraphics.framework */ = {isa = PBXFileReference; lastKnownFileType = wrapper.framework; name = CoreGraphics.framework; path = System/Library/Frameworks/CoreGraphics.framework; sourceTree = SDKROOT; };
		3FAD935D1A1C062700560974 /* UIKit.framework */ = {isa = PBXFileReference; lastKnownFileType = wrapper.framework; name = UIKit.framework; path = System/Library/Frameworks/UIKit.framework; sourceTree = SDKROOT; };
		3FAD93611A1C062700560974 /* FoodFlit-Info.plist */ = {isa = PBXFileReference; lastKnownFileType = text.plist.xml; path = "FoodFlit-Info.plist"; sourceTree = "<group>"; };
		3FAD93631A1C062700560974 /* en */ = {isa = PBXFileReference; lastKnownFileType = text.plist.strings; name = en; path = en.lproj/InfoPlist.strings; sourceTree = "<group>"; };
		3FAD93651A1C062700560974 /* main.m */ = {isa = PBXFileReference; lastKnownFileType = sourcecode.c.objc; path = main.m; sourceTree = "<group>"; };
		3FAD93671A1C062700560974 /* FoodFlit-Prefix.pch */ = {isa = PBXFileReference; lastKnownFileType = sourcecode.c.h; path = "FoodFlit-Prefix.pch"; sourceTree = "<group>"; };
		3FAD93681A1C062700560974 /* AppDelegate.h */ = {isa = PBXFileReference; lastKnownFileType = sourcecode.c.h; path = AppDelegate.h; sourceTree = "<group>"; };
		3FAD93691A1C062700560974 /* AppDelegate.m */ = {isa = PBXFileReference; lastKnownFileType = sourcecode.c.objc; path = AppDelegate.m; sourceTree = "<group>"; };
		3FAD936C1A1C062700560974 /* Base */ = {isa = PBXFileReference; lastKnownFileType = file.storyboard; name = Base; path = Base.lproj/Main.storyboard; sourceTree = "<group>"; };
		3FAD936E1A1C062700560974 /* FirstViewController.h */ = {isa = PBXFileReference; lastKnownFileType = sourcecode.c.h; path = FirstViewController.h; sourceTree = "<group>"; };
		3FAD936F1A1C062700560974 /* FirstViewController.m */ = {isa = PBXFileReference; lastKnownFileType = sourcecode.c.objc; path = FirstViewController.m; sourceTree = "<group>"; };
		3FAD93711A1C062700560974 /* SecondViewController.h */ = {isa = PBXFileReference; lastKnownFileType = sourcecode.c.h; path = SecondViewController.h; sourceTree = "<group>"; };
		3FAD93721A1C062700560974 /* SecondViewController.m */ = {isa = PBXFileReference; lastKnownFileType = sourcecode.c.objc; path = SecondViewController.m; sourceTree = "<group>"; };
		3FAD93741A1C062700560974 /* Images.xcassets */ = {isa = PBXFileReference; lastKnownFileType = folder.assetcatalog; path = Images.xcassets; sourceTree = "<group>"; };
		3FAD937A1A1C062700560974 /* FoodFlitTests.xctest */ = {isa = PBXFileReference; explicitFileType = wrapper.cfbundle; includeInIndex = 0; path = FoodFlitTests.xctest; sourceTree = BUILT_PRODUCTS_DIR; };
		3FAD937B1A1C062700560974 /* XCTest.framework */ = {isa = PBXFileReference; lastKnownFileType = wrapper.framework; name = XCTest.framework; path = Library/Frameworks/XCTest.framework; sourceTree = DEVELOPER_DIR; };
		3FAD93831A1C062700560974 /* FoodFlitTests-Info.plist */ = {isa = PBXFileReference; lastKnownFileType = text.plist.xml; path = "FoodFlitTests-Info.plist"; sourceTree = "<group>"; };
		3FAD93851A1C062700560974 /* en */ = {isa = PBXFileReference; lastKnownFileType = text.plist.strings; name = en; path = en.lproj/InfoPlist.strings; sourceTree = "<group>"; };
		3FAD93871A1C062700560974 /* FoodFlitTests.m */ = {isa = PBXFileReference; lastKnownFileType = sourcecode.c.objc; path = FoodFlitTests.m; sourceTree = "<group>"; };
/* End PBXFileReference section */

/* Begin PBXFrameworksBuildPhase section */
		3FAD93531A1C062700560974 /* Frameworks */ = {
			isa = PBXFrameworksBuildPhase;
			buildActionMask = 2147483647;
			files = (
				3FAD935C1A1C062700560974 /* CoreGraphics.framework in Frameworks */,
				3FAD935E1A1C062700560974 /* UIKit.framework in Frameworks */,
				3FAD935A1A1C062700560974 /* Foundation.framework in Frameworks */,
			);
			runOnlyForDeploymentPostprocessing = 0;
		};
		3FAD93771A1C062700560974 /* Frameworks */ = {
			isa = PBXFrameworksBuildPhase;
			buildActionMask = 2147483647;
			files = (
				3FAD937C1A1C062700560974 /* XCTest.framework in Frameworks */,
				3FAD937E1A1C062700560974 /* UIKit.framework in Frameworks */,
				3FAD937D1A1C062700560974 /* Foundation.framework in Frameworks */,
			);
			runOnlyForDeploymentPostprocessing = 0;
		};
/* End PBXFrameworksBuildPhase section */

/* Begin PBXGroup section */
		3FAD934D1A1C062700560974 = {
			isa = PBXGroup;
			children = (
				3FAD935F1A1C062700560974 /* FoodFlit */,
				3FAD93811A1C062700560974 /* FoodFlitTests */,
				3FAD93581A1C062700560974 /* Frameworks */,
				3FAD93571A1C062700560974 /* Products */,
			);
			sourceTree = "<group>";
		};
		3FAD93571A1C062700560974 /* Products */ = {
			isa = PBXGroup;
			children = (
				3FAD93561A1C062700560974 /* FoodFlit.app */,
				3FAD937A1A1C062700560974 /* FoodFlitTests.xctest */,
			);
			name = Products;
			sourceTree = "<group>";
		};
		3FAD93581A1C062700560974 /* Frameworks */ = {
			isa = PBXGroup;
			children = (
				3FAD93591A1C062700560974 /* Foundation.framework */,
				3FAD935B1A1C062700560974 /* CoreGraphics.framework */,
				3FAD935D1A1C062700560974 /* UIKit.framework */,
				3FAD937B1A1C062700560974 /* XCTest.framework */,
			);
			name = Frameworks;
			sourceTree = "<group>";
		};
		3FAD935F1A1C062700560974 /* FoodFlit */ = {
			isa = PBXGroup;
			children = (
				3FAD93681A1C062700560974 /* AppDelegate.h */,
				3FAD93691A1C062700560974 /* AppDelegate.m */,
				3FAD936B1A1C062700560974 /* Main.storyboard */,
				3FAD936E1A1C062700560974 /* FirstViewController.h */,
				3FAD936F1A1C062700560974 /* FirstViewController.m */,
				3FAD93711A1C062700560974 /* SecondViewController.h */,
				3FAD93721A1C062700560974 /* SecondViewController.m */,
				3FAD93741A1C062700560974 /* Images.xcassets */,
				3FAD93601A1C062700560974 /* Supporting Files */,
			);
			path = FoodFlit;
			sourceTree = "<group>";
		};
		3FAD93601A1C062700560974 /* Supporting Files */ = {
			isa = PBXGroup;
			children = (
				3FAD93611A1C062700560974 /* FoodFlit-Info.plist */,
				3FAD93621A1C062700560974 /* InfoPlist.strings */,
				3FAD93651A1C062700560974 /* main.m */,
				3FAD93671A1C062700560974 /* FoodFlit-Prefix.pch */,
			);
			name = "Supporting Files";
			sourceTree = "<group>";
		};
		3FAD93811A1C062700560974 /* FoodFlitTests */ = {
			isa = PBXGroup;
			children = (
				3FAD93871A1C062700560974 /* FoodFlitTests.m */,
				3FAD93821A1C062700560974 /* Supporting Files */,
			);
			path = FoodFlitTests;
			sourceTree = "<group>";
		};
		3FAD93821A1C062700560974 /* Supporting Files */ = {
			isa = PBXGroup;
			children = (
				3FAD93831A1C062700560974 /* FoodFlitTests-Info.plist */,
				3FAD93841A1C062700560974 /* InfoPlist.strings */,
			);
			name = "Supporting Files";
			sourceTree = "<group>";
		};
/* End PBXGroup section */

/* Begin PBXNativeTarget section */
		3FAD93551A1C062700560974 /* FoodFlit */ = {
			isa = PBXNativeTarget;
			buildConfigurationList = 3FAD938B1A1C062700560974 /* Build configuration list for PBXNativeTarget "FoodFlit" */;
			buildPhases = (
				3FAD93521A1C062700560974 /* Sources */,
				3FAD93531A1C062700560974 /* Frameworks */,
				3FAD93541A1C062700560974 /* Resources */,
			);
			buildRules = (
			);
			dependencies = (
			);
			name = FoodFlit;
			productName = FoodFlit;
			productReference = 3FAD93561A1C062700560974 /* FoodFlit.app */;
			productType = "com.apple.product-type.application";
		};
		3FAD93791A1C062700560974 /* FoodFlitTests */ = {
			isa = PBXNativeTarget;
			buildConfigurationList = 3FAD938E1A1C062700560974 /* Build configuration list for PBXNativeTarget "FoodFlitTests" */;
			buildPhases = (
				3FAD93761A1C062700560974 /* Sources */,
				3FAD93771A1C062700560974 /* Frameworks */,
				3FAD93781A1C062700560974 /* Resources */,
			);
			buildRules = (
			);
			dependencies = (
				3FAD93801A1C062700560974 /* PBXTargetDependency */,
			);
			name = FoodFlitTests;
			productName = FoodFlitTests;
			productReference = 3FAD937A1A1C062700560974 /* FoodFlitTests.xctest */;
			productType = "com.apple.product-type.bundle.unit-test";
		};
/* End PBXNativeTarget section */

/* Begin PBXProject section */
		3FAD934E1A1C062700560974 /* Project object */ = {
			isa = PBXProject;
			attributes = {
				LastUpgradeCheck = 0510;
				ORGANIZATIONNAME = tjbanddom;
				TargetAttributes = {
					3FAD93791A1C062700560974 = {
						TestTargetID = 3FAD93551A1C062700560974;
					};
				};
			};
			buildConfigurationList = 3FAD93511A1C062700560974 /* Build configuration list for PBXProject "FoodFlit" */;
			compatibilityVersion = "Xcode 3.2";
			developmentRegion = English;
			hasScannedForEncodings = 0;
			knownRegions = (
				en,
				Base,
			);
			mainGroup = 3FAD934D1A1C062700560974;
			productRefGroup = 3FAD93571A1C062700560974 /* Products */;
			projectDirPath = "";
			projectRoot = "";
			targets = (
				3FAD93551A1C062700560974 /* FoodFlit */,
				3FAD93791A1C062700560974 /* FoodFlitTests */,
			);
		};
/* End PBXProject section */

/* Begin PBXResourcesBuildPhase section */
		3FAD93541A1C062700560974 /* Resources */ = {
			isa = PBXResourcesBuildPhase;
			buildActionMask = 2147483647;
			files = (
				3FAD93751A1C062700560974 /* Images.xcassets in Resources */,
				3FAD93641A1C062700560974 /* InfoPlist.strings in Resources */,
				3FAD936D1A1C062700560974 /* Main.storyboard in Resources */,
			);
			runOnlyForDeploymentPostprocessing = 0;
		};
		3FAD93781A1C062700560974 /* Resources */ = {
			isa = PBXResourcesBuildPhase;
			buildActionMask = 2147483647;
			files = (
				3FAD93861A1C062700560974 /* InfoPlist.strings in Resources */,
			);
			runOnlyForDeploymentPostprocessing = 0;
		};
/* End PBXResourcesBuildPhase section */

/* Begin PBXSourcesBuildPhase section */
		3FAD93521A1C062700560974 /* Sources */ = {
			isa = PBXSourcesBuildPhase;
			buildActionMask = 2147483647;
			files = (
				3FAD93731A1C062700560974 /* SecondViewController.m in Sources */,
				3FAD936A1A1C062700560974 /* AppDelegate.m in Sources */,
				3FAD93701A1C062700560974 /* FirstViewController.m in Sources */,
				3FAD93661A1C062700560974 /* main.m in Sources */,
			);
			runOnlyForDeploymentPostprocessing = 0;
		};
		3FAD93761A1C062700560974 /* Sources */ = {
			isa = PBXSourcesBuildPhase;
			buildActionMask = 2147483647;
			files = (
				3FAD93881A1C062700560974 /* FoodFlitTests.m in Sources */,
			);
			runOnlyForDeploymentPostprocessing = 0;
		};
/* End PBXSourcesBuildPhase section */

/* Begin PBXTargetDependency section */
		3FAD93801A1C062700560974 /* PBXTargetDependency */ = {
			isa = PBXTargetDependency;
			target = 3FAD93551A1C062700560974 /* FoodFlit */;
			targetProxy = 3FAD937F1A1C062700560974 /* PBXContainerItemProxy */;
		};
/* End PBXTargetDependency section */

/* Begin PBXVariantGroup section */
		3FAD93621A1C062700560974 /* InfoPlist.strings */ = {
			isa = PBXVariantGroup;
			children = (
				3FAD93631A1C062700560974 /* en */,
			);
			name = InfoPlist.strings;
			sourceTree = "<group>";
		};
		3FAD936B1A1C062700560974 /* Main.storyboard */ = {
			isa = PBXVariantGroup;
			children = (
				3FAD936C1A1C062700560974 /* Base */,
			);
			name = Main.storyboard;
			sourceTree = "<group>";
		};
		3FAD93841A1C062700560974 /* InfoPlist.strings */ = {
			isa = PBXVariantGroup;
			children = (
				3FAD93851A1C062700560974 /* en */,
			);
			name = InfoPlist.strings;
			sourceTree = "<group>";
		};
/* End PBXVariantGroup section */

/* Begin XCBuildConfiguration section */
		3FAD93891A1C062700560974 /* Debug */ = {
			isa = XCBuildConfiguration;
			buildSettings = {
				ALWAYS_SEARCH_USER_PATHS = NO;
				CLANG_CXX_LANGUAGE_STANDARD = "gnu++0x";
				CLANG_CXX_LIBRARY = "libc++";
				CLANG_ENABLE_MODULES = YES;
				CLANG_ENABLE_OBJC_ARC = YES;
				CLANG_WARN_BOOL_CONVERSION = YES;
				CLANG_WARN_CONSTANT_CONVERSION = YES;
				CLANG_WARN_DIRECT_OBJC_ISA_USAGE = YES_ERROR;
				CLANG_WARN_EMPTY_BODY = YES;
				CLANG_WARN_ENUM_CONVERSION = YES;
				CLANG_WARN_INT_CONVERSION = YES;
				CLANG_WARN_OBJC_ROOT_CLASS = YES_ERROR;
				CLANG_WARN__DUPLICATE_METHOD_MATCH = YES;
				"CODE_SIGN_IDENTITY[sdk=iphoneos*]" = "iPhone Developer";
				COPY_PHASE_STRIP = NO;
				GCC_C_LANGUAGE_STANDARD = gnu99;
				GCC_DYNAMIC_NO_PIC = NO;
				GCC_OPTIMIZATION_LEVEL = 0;
				GCC_PREPROCESSOR_DEFINITIONS = (
					"DEBUG=1",
					"$(inherited)",
				);
				GCC_SYMBOLS_PRIVATE_EXTERN = NO;
				GCC_WARN_64_TO_32_BIT_CONVERSION = YES;
				GCC_WARN_ABOUT_RETURN_TYPE = YES_ERROR;
				GCC_WARN_UNDECLARED_SELECTOR = YES;
				GCC_WARN_UNINITIALIZED_AUTOS = YES_AGGRESSIVE;
				GCC_WARN_UNUSED_FUNCTION = YES;
				GCC_WARN_UNUSED_VARIABLE = YES;
				IPHONEOS_DEPLOYMENT_TARGET = 7.1;
				ONLY_ACTIVE_ARCH = YES;
				SDKROOT = iphoneos;
			};
			name = Debug;
		};
		3FAD938A1A1C062700560974 /* Release */ = {
			isa = XCBuildConfiguration;
			buildSettings = {
				ALWAYS_SEARCH_USER_PATHS = NO;
				CLANG_CXX_LANGUAGE_STANDARD = "gnu++0x";
				CLANG_CXX_LIBRARY = "libc++";
				CLANG_ENABLE_MODULES = YES;
				CLANG_ENABLE_OBJC_ARC = YES;
				CLANG_WARN_BOOL_CONVERSION = YES;
				CLANG_WARN_CONSTANT_CONVERSION = YES;
				CLANG_WARN_DIRECT_OBJC_ISA_USAGE = YES_ERROR;
				CLANG_WARN_EMPTY_BODY = YES;
				CLANG_WARN_ENUM_CONVERSION = YES;
				CLANG_WARN_INT_CONVERSION = YES;
				CLANG_WARN_OBJC_ROOT_CLASS = YES_ERROR;
				CLANG_WARN__DUPLICATE_METHOD_MATCH = YES;
				"CODE_SIGN_IDENTITY[sdk=iphoneos*]" = "iPhone Developer";
				COPY_PHASE_STRIP = YES;
				ENABLE_NS_ASSERTIONS = NO;
				GCC_C_LANGUAGE_STANDARD = gnu99;
				GCC_WARN_64_TO_32_BIT_CONVERSION = YES;
				GCC_WARN_ABOUT_RETURN_TYPE = YES_ERROR;
				GCC_WARN_UNDECLARED_SELECTOR = YES;
				GCC_WARN_UNINITIALIZED_AUTOS = YES_AGGRESSIVE;
				GCC_WARN_UNUSED_FUNCTION = YES;
				GCC_WARN_UNUSED_VARIABLE = YES;
				IPHONEOS_DEPLOYMENT_TARGET = 7.1;
				SDKROOT = iphoneos;
				VALIDATE_PRODUCT = YES;
			};
			name = Release;
		};
		3FAD938C1A1C062700560974 /* Debug */ = {
			isa = XCBuildConfiguration;
			buildSettings = {
				ASSETCATALOG_COMPILER_APPICON_NAME = AppIcon;
				ASSETCATALOG_COMPILER_LAUNCHIMAGE_NAME = LaunchImage;
				GCC_PRECOMPILE_PREFIX_HEADER = YES;
				GCC_PREFIX_HEADER = "FoodFlit/FoodFlit-Prefix.pch";
				INFOPLIST_FILE = "FoodFlit/FoodFlit-Info.plist";
				PRODUCT_NAME = "$(TARGET_NAME)";
				WRAPPER_EXTENSION = app;
			};
			name = Debug;
		};
		3FAD938D1A1C062700560974 /* Release */ = {
			isa = XCBuildConfiguration;
			buildSettings = {
				ASSETCATALOG_COMPILER_APPICON_NAME = AppIcon;
				ASSETCATALOG_COMPILER_LAUNCHIMAGE_NAME = LaunchImage;
				GCC_PRECOMPILE_PREFIX_HEADER = YES;
				GCC_PREFIX_HEADER = "FoodFlit/FoodFlit-Prefix.pch";
				INFOPLIST_FILE = "FoodFlit/FoodFlit-Info.plist";
				PRODUCT_NAME = "$(TARGET_NAME)";
				WRAPPER_EXTENSION = app;
			};
			name = Release;
		};
		3FAD938F1A1C062700560974 /* Debug */ = {
			isa = XCBuildConfiguration;
			buildSettings = {
				BUNDLE_LOADER = "$(BUILT_PRODUCTS_DIR)/FoodFlit.app/FoodFlit";
				FRAMEWORK_SEARCH_PATHS = (
					"$(SDKROOT)/Developer/Library/Frameworks",
					"$(inherited)",
					"$(DEVELOPER_FRAMEWORKS_DIR)",
				);
				GCC_PRECOMPILE_PREFIX_HEADER = YES;
				GCC_PREFIX_HEADER = "FoodFlit/FoodFlit-Prefix.pch";
				GCC_PREPROCESSOR_DEFINITIONS = (
					"DEBUG=1",
					"$(inherited)",
				);
				INFOPLIST_FILE = "FoodFlitTests/FoodFlitTests-Info.plist";
				PRODUCT_NAME = "$(TARGET_NAME)";
				TEST_HOST = "$(BUNDLE_LOADER)";
				WRAPPER_EXTENSION = xctest;
			};
			name = Debug;
		};
		3FAD93901A1C062700560974 /* Release */ = {
			isa = XCBuildConfiguration;
			buildSettings = {
				BUNDLE_LOADER = "$(BUILT_PRODUCTS_DIR)/FoodFlit.app/FoodFlit";
				FRAMEWORK_SEARCH_PATHS = (
					"$(SDKROOT)/Developer/Library/Frameworks",
					"$(inherited)",
					"$(DEVELOPER_FRAMEWORKS_DIR)",
				);
				GCC_PRECOMPILE_PREFIX_HEADER = YES;
				GCC_PREFIX_HEADER = "FoodFlit/FoodFlit-Prefix.pch";
				INFOPLIST_FILE = "FoodFlitTests/FoodFlitTests-Info.plist";
				PRODUCT_NAME = "$(TARGET_NAME)";
				TEST_HOST = "$(BUNDLE_LOADER)";
				WRAPPER_EXTENSION = xctest;
			};
			name = Release;
		};
/* End XCBuildConfiguration section */

/* Begin XCConfigurationList section */
		3FAD93511A1C062700560974 /* Build configuration list for PBXProject "FoodFlit" */ = {
			isa = XCConfigurationList;
			buildConfigurations = (
				3FAD93891A1C062700560974 /* Debug */,
				3FAD938A1A1C062700560974 /* Release */,
			);
			defaultConfigurationIsVisible = 0;
			defaultConfigurationName = Release;
		};
		3FAD938B1A1C062700560974 /* Build configuration list for PBXNativeTarget "FoodFlit" */ = {
			isa = XCConfigurationList;
			buildConfigurations = (
				3FAD938C1A1C062700560974 /* Debug */,
				3FAD938D1A1C062700560974 /* Release */,
			);
			defaultConfigurationIsVisible = 0;
		};
		3FAD938E1A1C062700560974 /* Build configuration list for PBXNativeTarget "FoodFlitTests" */ = {
			isa = XCConfigurationList;
			buildConfigurations = (
				3FAD938F1A1C062700560974 /* Debug */,
				3FAD93901A1C062700560974 /* Release */,
			);
			defaultConfigurationIsVisible = 0;
		};
/* End XCConfigurationList section */
	};
	rootObject = 3FAD934E1A1C062700560974 /* Project object */;
}
